
Microsoft Visual Studio Solution File, Format Version 12.00
# Visual Studio Version 17
VisualStudioVersion = 17.0.31903.59
MinimumVisualStudioVersion = 10.0.40219.1
Project("{FAE04EC0-301F-11D3-BF4B-00C04F79EFBC}") = "App1", "App1\App1.csproj", "{950F96F5-DA9F-4A68-A625-4FEFEE496050}"
EndProject
Project("{FAE04EC0-301F-11D3-BF4B-00C04F79EFBC}") = "App2", "App2\App2.csproj", "{46D2CB39-53E2-4598-98E0-783897C0F42F}"
EndProject
Project("{FAE04EC0-301F-11D3-BF4B-00C04F79EFBC}") = "Library1", "Library1\Library1.csproj", "{B6EC6699-D48B-4CD6-959F-8501F6070D47}"
EndProject
Project("{FAE04EC0-301F-11D3-BF4B-00C04F79EFBC}") = "Library2", "Library2\Library2.csproj", "{91D38969-29FD-4291-A220-36BA19DA562A}"
EndProject
Project("{FAE04EC0-301F-11D3-BF4B-00C04F79EFBC}") = "Library1.Tests", "Library1.Tests\Library1.Tests.csproj", "{DBAC1F26-B7F8-4DDB-B16F-1B8332F5B265}"
EndProject
Project("{FAE04EC0-301F-11D3-BF4B-00C04F79EFBC}") = "Library2.Tests", "Library2.Tests\Library2.Tests.csproj", "{774B1028-5E84-49C9-B507-5826F4A481B0}"
EndProject
Project("{2150E333-8FDC-42A3-9474-1A3956D46DE8}") = "Solution Items", "Solution Items", "{B0971C81-2A04-48B8-8F14-B3BD6BD8254C}"
	ProjectSection(SolutionItems) = preProject
		Directory.Build.props = Directory.Build.props
	EndProjectSection
EndProject
Global
	GlobalSection(SolutionConfigurationPlatforms) = preSolution
		Debug|Any CPU = Debug|Any CPU
		Release|Any CPU = Release|Any CPU
	EndGlobalSection
	GlobalSection(ProjectConfigurationPlatforms) = postSolution
		{950F96F5-DA9F-4A68-A625-4FEFEE496050}.Debug|Any CPU.ActiveCfg = Debug|Any CPU
		{950F96F5-DA9F-4A68-A625-4FEFEE496050}.Debug|Any CPU.Build.0 = Debug|Any CPU
		{950F96F5-DA9F-4A68-A625-4FEFEE496050}.Release|Any CPU.ActiveCfg = Release|Any CPU
		{950F96F5-DA9F-4A68-A625-4FEFEE496050}.Release|Any CPU.Build.0 = Release|Any CPU
		{46D2CB39-53E2-4598-98E0-783897C0F42F}.Debug|Any CPU.ActiveCfg = Debug|Any CPU
		{46D2CB39-53E2-4598-98E0-783897C0F42F}.Debug|Any CPU.Build.0 = Debug|Any CPU
		{46D2CB39-53E2-4598-98E0-783897C0F42F}.Release|Any CPU.ActiveCfg = Release|Any CPU
		{46D2CB39-53E2-4598-98E0-783897C0F42F}.Release|Any CPU.Build.0 = Release|Any CPU
		{B6EC6699-D48B-4CD6-959F-8501F6070D47}.Debug|Any CPU.ActiveCfg = Debug|Any CPU
		{B6EC6699-D48B-4CD6-959F-8501F6070D47}.Debug|Any CPU.Build.0 = Debug|Any CPU
		{B6EC6699-D48B-4CD6-959F-8501F6070D47}.Release|Any CPU.ActiveCfg = Release|Any CPU
		{B6EC6699-D48B-4CD6-959F-8501F6070D47}.Release|Any CPU.Build.0 = Release|Any CPU
		{91D38969-29FD-4291-A220-36BA19DA562A}.Debug|Any CPU.ActiveCfg = Debug|Any CPU
		{91D38969-29FD-4291-A220-36BA19DA562A}.Debug|Any CPU.Build.0 = Debug|Any CPU
		{91D38969-29FD-4291-A220-36BA19DA562A}.Release|Any CPU.ActiveCfg = Release|Any CPU
		{91D38969-29FD-4291-A220-36BA19DA562A}.Release|Any CPU.Build.0 = Release|Any CPU
		{DBAC1F26-B7F8-4DDB-B16F-1B8332F5B265}.Debug|Any CPU.ActiveCfg = Debug|Any CPU
		{DBAC1F26-B7F8-4DDB-B16F-1B8332F5B265}.Debug|Any CPU.Build.0 = Debug|Any CPU
		{DBAC1F26-B7F8-4DDB-B16F-1B8332F5B265}.Release|Any CPU.ActiveCfg = Release|Any CPU
		{DBAC1F26-B7F8-4DDB-B16F-1B8332F5B265}.Release|Any CPU.Build.0 = Release|Any CPU
		{774B1028-5E84-49C9-B507-5826F4A481B0}.Debug|Any CPU.ActiveCfg = Debug|Any CPU
		{774B1028-5E84-49C9-B507-5826F4A481B0}.Debug|Any CPU.Build.0 = Debug|Any CPU
		{774B1028-5E84-49C9-B507-5826F4A481B0}.Release|Any CPU.ActiveCfg = Release|Any CPU
		{774B1028-5E84-49C9-B507-5826F4A481B0}.Release|Any CPU.Build.0 = Release|Any CPU
	EndGlobalSection
	GlobalSection(SolutionProperties) = preSolution
		HideSolutionNode = FALSE
	EndGlobalSection
EndGlobal
